// !$*UTF8*$!
{
	archiveVersion = 1;
	classes = {
	};
	objectVersion = 77;
	objects = {

/* Begin PBXBuildFile section */
		9EA377C02D028B230000D5DB /* RegularSkill.swift in Sources */ = {isa = PBXBuildFile; fileRef = 9EA377BF2D028B230000D5DB /* RegularSkill.swift */; };
		9EA377C22D028B460000D5DB /* SpecialSkill.swift in Sources */ = {isa = PBXBuildFile; fileRef = 9EA377C12D028B460000D5DB /* SpecialSkill.swift */; };
		9EA377C42D028B510000D5DB /* PlayerState.swift in Sources */ = {isa = PBXBuildFile; fileRef = 9EA377C32D028B510000D5DB /* PlayerState.swift */; };
		9EA377C62D028B730000D5DB /* SkillManager.swift in Sources */ = {isa = PBXBuildFile; fileRef = 9EA377C52D028B730000D5DB /* SkillManager.swift */; };
		9EA3786D2D056D9A0000D5DB /* XPNode.swift in Sources */ = {isa = PBXBuildFile; fileRef = 9EA3786C2D056D9A0000D5DB /* XPNode.swift */; };
		9EA3786F2D0570400000D5DB /* UpgradeShopManager.swift in Sources */ = {isa = PBXBuildFile; fileRef = 9EA3786E2D0570400000D5DB /* UpgradeShopManager.swift */; };
		9EA378712D05704B0000D5DB /* UpgradeShopOverlayNode.swift in Sources */ = {isa = PBXBuildFile; fileRef = 9EA378702D05704B0000D5DB /* UpgradeShopOverlayNode.swift */; };
		9EA378732D0577920000D5DB /* OverlayManager.swift in Sources */ = {isa = PBXBuildFile; fileRef = 9EA378722D0577920000D5DB /* OverlayManager.swift */; };
		9EA378752D05781F0000D5DB /* BossSpinnerOverlay.swift in Sources */ = {isa = PBXBuildFile; fileRef = 9EA378742D05781F0000D5DB /* BossSpinnerOverlay.swift */; };
		FC070A882CCAB90300946357 /* Assets.xcassets in Resources */ = {isa = PBXBuildFile; fileRef = FC070A842CCAB90300946357 /* Assets.xcassets */; };
		FC070A972CCAD22700946357 /* GameType.swift in Sources */ = {isa = PBXBuildFile; fileRef = FC070A962CCAD22700946357 /* GameType.swift */; };
		FC070A982CCAD22700946357 /* GameContext.swift in Sources */ = {isa = PBXBuildFile; fileRef = FC070A942CCAD22700946357 /* GameContext.swift */; };
		FC070A992CCAD22700946357 /* Dependencies.swift in Sources */ = {isa = PBXBuildFile; fileRef = FC070A932CCAD22700946357 /* Dependencies.swift */; };
		FC070A9A2CCAD22700946357 /* GameModeType.swift in Sources */ = {isa = PBXBuildFile; fileRef = FC070A952CCAD22700946357 /* GameModeType.swift */; };
		FC070AA52CCAEB9A00946357 /* ZPLayoutInfo.swift in Sources */ = {isa = PBXBuildFile; fileRef = FC070AA42CCAEB9A00946357 /* ZPLayoutInfo.swift */; };
		FC070AA72CCAEBC500946357 /* ZPGameInfo.swift in Sources */ = {isa = PBXBuildFile; fileRef = FC070AA62CCAEBC500946357 /* ZPGameInfo.swift */; };
		FC070AA92CCAF0FE00946357 /* ZPGameContext.swift in Sources */ = {isa = PBXBuildFile; fileRef = FC070AA82CCAF0FE00946357 /* ZPGameContext.swift */; };
		FC070AAB2CCAF10E00946357 /* ZPGameScene.swift in Sources */ = {isa = PBXBuildFile; fileRef = FC070AAA2CCAF10E00946357 /* ZPGameScene.swift */; };
		FC070AAD2CCAF86200946357 /* ZPBoxNode.swift in Sources */ = {isa = PBXBuildFile; fileRef = FC070AAC2CCAF86200946357 /* ZPBoxNode.swift */; };
		FC070AAF2CCAF9CA00946357 /* ZPGameIdleState.swift in Sources */ = {isa = PBXBuildFile; fileRef = FC070AAE2CCAF9CA00946357 /* ZPGameIdleState.swift */; };
		FC5F2F892CFEBD160000C91A /* infGenTestImgLg.png in Resources */ = {isa = PBXBuildFile; fileRef = FC5F2F882CFEBD160000C91A /* infGenTestImgLg.png */; };
		FCC9B8D72CD4592A006077B4 /* ZPJoystick.swift in Sources */ = {isa = PBXBuildFile; fileRef = FCC9B8D62CD4592A006077B4 /* ZPJoystick.swift */; };
		FCC9B8D92CD4767C006077B4 /* ZPZombieNode.swift in Sources */ = {isa = PBXBuildFile; fileRef = FCC9B8D82CD4767C006077B4 /* ZPZombieNode.swift */; };
		FCC9B8DB2CE55505006077B4 /* ZPChargerZombieNode.swift in Sources */ = {isa = PBXBuildFile; fileRef = FCC9B8DA2CE55505006077B4 /* ZPChargerZombieNode.swift */; };
		FCC9B8DD2CE5B404006077B4 /* ZPExploderZombieNode.swift in Sources */ = {isa = PBXBuildFile; fileRef = FCC9B8DC2CE5B404006077B4 /* ZPExploderZombieNode.swift */; };
		FCC9B9E92CE961B3006077B4 /* ZPWizardNode.swift in Sources */ = {isa = PBXBuildFile; fileRef = FCC9B9E82CE961B3006077B4 /* ZPWizardNode.swift */; };
/* End PBXBuildFile section */

/* Begin PBXContainerItemProxy section */
		FC070A662CCAB85700946357 /* PBXContainerItemProxy */ = {
			isa = PBXContainerItemProxy;
			containerPortal = FC070A4D2CCAB85600946357 /* Project object */;
			proxyType = 1;
			remoteGlobalIDString = FC070A542CCAB85600946357;
			remoteInfo = Zombocalypse;
		};
		FC070A702CCAB85700946357 /* PBXContainerItemProxy */ = {
			isa = PBXContainerItemProxy;
			containerPortal = FC070A4D2CCAB85600946357 /* Project object */;
			proxyType = 1;
			remoteGlobalIDString = FC070A542CCAB85600946357;
			remoteInfo = Zombocalypse;
		};
/* End PBXContainerItemProxy section */

/* Begin PBXFileReference section */
		9EA377BF2D028B230000D5DB /* RegularSkill.swift */ = {isa = PBXFileReference; lastKnownFileType = sourcecode.swift; path = RegularSkill.swift; sourceTree = "<group>"; };
		9EA377C12D028B460000D5DB /* SpecialSkill.swift */ = {isa = PBXFileReference; lastKnownFileType = sourcecode.swift; path = SpecialSkill.swift; sourceTree = "<group>"; };
		9EA377C32D028B510000D5DB /* PlayerState.swift */ = {isa = PBXFileReference; lastKnownFileType = sourcecode.swift; path = PlayerState.swift; sourceTree = "<group>"; };
		9EA377C52D028B730000D5DB /* SkillManager.swift */ = {isa = PBXFileReference; lastKnownFileType = sourcecode.swift; path = SkillManager.swift; sourceTree = "<group>"; };
		9EA3786C2D056D9A0000D5DB /* XPNode.swift */ = {isa = PBXFileReference; lastKnownFileType = sourcecode.swift; path = XPNode.swift; sourceTree = "<group>"; };
		9EA3786E2D0570400000D5DB /* UpgradeShopManager.swift */ = {isa = PBXFileReference; lastKnownFileType = sourcecode.swift; path = UpgradeShopManager.swift; sourceTree = "<group>"; };
		9EA378702D05704B0000D5DB /* UpgradeShopOverlayNode.swift */ = {isa = PBXFileReference; lastKnownFileType = sourcecode.swift; path = UpgradeShopOverlayNode.swift; sourceTree = "<group>"; };
		9EA378722D0577920000D5DB /* OverlayManager.swift */ = {isa = PBXFileReference; lastKnownFileType = sourcecode.swift; path = OverlayManager.swift; sourceTree = "<group>"; };
		9EA378742D05781F0000D5DB /* BossSpinnerOverlay.swift */ = {isa = PBXFileReference; lastKnownFileType = sourcecode.swift; path = BossSpinnerOverlay.swift; sourceTree = "<group>"; };
		FC070A552CCAB85600946357 /* Zombocalypse.app */ = {isa = PBXFileReference; explicitFileType = wrapper.application; includeInIndex = 0; path = Zombocalypse.app; sourceTree = BUILT_PRODUCTS_DIR; };
		FC070A652CCAB85700946357 /* ZombocalypseTests.xctest */ = {isa = PBXFileReference; explicitFileType = wrapper.cfbundle; includeInIndex = 0; path = ZombocalypseTests.xctest; sourceTree = BUILT_PRODUCTS_DIR; };
		FC070A6F2CCAB85700946357 /* ZombocalypseUITests.xctest */ = {isa = PBXFileReference; explicitFileType = wrapper.cfbundle; includeInIndex = 0; path = ZombocalypseUITests.xctest; sourceTree = BUILT_PRODUCTS_DIR; };
		FC070A842CCAB90300946357 /* Assets.xcassets */ = {isa = PBXFileReference; lastKnownFileType = folder.assetcatalog; path = Assets.xcassets; sourceTree = "<group>"; };
		FC070A932CCAD22700946357 /* Dependencies.swift */ = {isa = PBXFileReference; lastKnownFileType = sourcecode.swift; path = Dependencies.swift; sourceTree = "<group>"; };
		FC070A942CCAD22700946357 /* GameContext.swift */ = {isa = PBXFileReference; lastKnownFileType = sourcecode.swift; path = GameContext.swift; sourceTree = "<group>"; };
		FC070A952CCAD22700946357 /* GameModeType.swift */ = {isa = PBXFileReference; lastKnownFileType = sourcecode.swift; path = GameModeType.swift; sourceTree = "<group>"; };
		FC070A962CCAD22700946357 /* GameType.swift */ = {isa = PBXFileReference; lastKnownFileType = sourcecode.swift; path = GameType.swift; sourceTree = "<group>"; };
		FC070AA42CCAEB9A00946357 /* ZPLayoutInfo.swift */ = {isa = PBXFileReference; lastKnownFileType = sourcecode.swift; path = ZPLayoutInfo.swift; sourceTree = "<group>"; };
		FC070AA62CCAEBC500946357 /* ZPGameInfo.swift */ = {isa = PBXFileReference; lastKnownFileType = sourcecode.swift; path = ZPGameInfo.swift; sourceTree = "<group>"; };
		FC070AA82CCAF0FE00946357 /* ZPGameContext.swift */ = {isa = PBXFileReference; lastKnownFileType = sourcecode.swift; path = ZPGameContext.swift; sourceTree = "<group>"; };
		FC070AAA2CCAF10E00946357 /* ZPGameScene.swift */ = {isa = PBXFileReference; lastKnownFileType = sourcecode.swift; path = ZPGameScene.swift; sourceTree = "<group>"; };
		FC070AAC2CCAF86200946357 /* ZPBoxNode.swift */ = {isa = PBXFileReference; lastKnownFileType = sourcecode.swift; path = ZPBoxNode.swift; sourceTree = "<group>"; };
		FC070AAE2CCAF9CA00946357 /* ZPGameIdleState.swift */ = {isa = PBXFileReference; lastKnownFileType = sourcecode.swift; path = ZPGameIdleState.swift; sourceTree = "<group>"; };
		FC5F2F882CFEBD160000C91A /* infGenTestImgLg.png */ = {isa = PBXFileReference; lastKnownFileType = image.png; path = infGenTestImgLg.png; sourceTree = "<group>"; };
		FCC9B8D62CD4592A006077B4 /* ZPJoystick.swift */ = {isa = PBXFileReference; lastKnownFileType = sourcecode.swift; path = ZPJoystick.swift; sourceTree = "<group>"; };
		FCC9B8D82CD4767C006077B4 /* ZPZombieNode.swift */ = {isa = PBXFileReference; lastKnownFileType = sourcecode.swift; path = ZPZombieNode.swift; sourceTree = "<group>"; };
		FCC9B8DA2CE55505006077B4 /* ZPChargerZombieNode.swift */ = {isa = PBXFileReference; lastKnownFileType = sourcecode.swift; path = ZPChargerZombieNode.swift; sourceTree = "<group>"; };
		FCC9B8DC2CE5B404006077B4 /* ZPExploderZombieNode.swift */ = {isa = PBXFileReference; lastKnownFileType = sourcecode.swift; path = ZPExploderZombieNode.swift; sourceTree = "<group>"; };
		FCC9B9E82CE961B3006077B4 /* ZPWizardNode.swift */ = {isa = PBXFileReference; lastKnownFileType = sourcecode.swift; path = ZPWizardNode.swift; sourceTree = "<group>"; };
/* End PBXFileReference section */

/* Begin PBXFileSystemSynchronizedRootGroup section */
		FC070A572CCAB85600946357 /* Zombocalypse */ = {
			isa = PBXFileSystemSynchronizedRootGroup;
			path = Zombocalypse;
			sourceTree = "<group>";
		};
		FC070A682CCAB85700946357 /* ZombocalypseTests */ = {
			isa = PBXFileSystemSynchronizedRootGroup;
			path = ZombocalypseTests;
			sourceTree = "<group>";
		};
		FC070A722CCAB85700946357 /* ZombocalypseUITests */ = {
			isa = PBXFileSystemSynchronizedRootGroup;
			path = ZombocalypseUITests;
			sourceTree = "<group>";
		};
/* End PBXFileSystemSynchronizedRootGroup section */

/* Begin PBXFrameworksBuildPhase section */
		FC070A522CCAB85600946357 /* Frameworks */ = {
			isa = PBXFrameworksBuildPhase;
			buildActionMask = 2147483647;
			files = (
			);
			runOnlyForDeploymentPostprocessing = 0;
		};
		FC070A622CCAB85700946357 /* Frameworks */ = {
			isa = PBXFrameworksBuildPhase;
			buildActionMask = 2147483647;
			files = (
			);
			runOnlyForDeploymentPostprocessing = 0;
		};
		FC070A6C2CCAB85700946357 /* Frameworks */ = {
			isa = PBXFrameworksBuildPhase;
			buildActionMask = 2147483647;
			files = (
			);
			runOnlyForDeploymentPostprocessing = 0;
		};
/* End PBXFrameworksBuildPhase section */

/* Begin PBXGroup section */
		9EA377BE2D028B1C0000D5DB /* Models */ = {
			isa = PBXGroup;
			children = (
				9EA378742D05781F0000D5DB /* BossSpinnerOverlay.swift */,
				9EA378722D0577920000D5DB /* OverlayManager.swift */,
				9EA3786E2D0570400000D5DB /* UpgradeShopManager.swift */,
				9EA377C52D028B730000D5DB /* SkillManager.swift */,
				9EA377C12D028B460000D5DB /* SpecialSkill.swift */,
				9EA377BF2D028B230000D5DB /* RegularSkill.swift */,
			);
			path = Models;
			sourceTree = "<group>";
		};
		FC070A4C2CCAB85600946357 = {
			isa = PBXGroup;
			children = (
				FC070A9F2CCAD36A00946357 /* Base */,
				FC070A9E2CCAD36200946357 /* Assets */,
				FC070A9D2CCAD35400946357 /* Code */,
				FC070A572CCAB85600946357 /* Zombocalypse */,
				FC070A682CCAB85700946357 /* ZombocalypseTests */,
				FC070A722CCAB85700946357 /* ZombocalypseUITests */,
				FC070A562CCAB85600946357 /* Products */,
			);
			sourceTree = "<group>";
		};
		FC070A562CCAB85600946357 /* Products */ = {
			isa = PBXGroup;
			children = (
				FC070A552CCAB85600946357 /* Zombocalypse.app */,
				FC070A652CCAB85700946357 /* ZombocalypseTests.xctest */,
				FC070A6F2CCAB85700946357 /* ZombocalypseUITests.xctest */,
			);
			name = Products;
			sourceTree = "<group>";
		};
		FC070A9D2CCAD35400946357 /* Code */ = {
			isa = PBXGroup;
			children = (
				9EA377BE2D028B1C0000D5DB /* Models */,
				FC070AA32CCAEB4600946357 /* Helpers */,
				FC070AA12CCAEB3800946357 /* Nodes */,
				FC070AA02CCAEB2F00946357 /* States */,
				FC070AA82CCAF0FE00946357 /* ZPGameContext.swift */,
				FC070AAA2CCAF10E00946357 /* ZPGameScene.swift */,
				FCC9B8D62CD4592A006077B4 /* ZPJoystick.swift */,
			);
			path = Code;
			sourceTree = "<group>";
		};
		FC070A9E2CCAD36200946357 /* Assets */ = {
			isa = PBXGroup;
			children = (
				FC5F2F882CFEBD160000C91A /* infGenTestImgLg.png */,
				FC070A842CCAB90300946357 /* Assets.xcassets */,
			);
			path = Assets;
			sourceTree = "<group>";
		};
		FC070A9F2CCAD36A00946357 /* Base */ = {
			isa = PBXGroup;
			children = (
				FC070A932CCAD22700946357 /* Dependencies.swift */,
				FC070A942CCAD22700946357 /* GameContext.swift */,
				FC070A952CCAD22700946357 /* GameModeType.swift */,
				FC070A962CCAD22700946357 /* GameType.swift */,
			);
			path = Base;
			sourceTree = "<group>";
		};
		FC070AA02CCAEB2F00946357 /* States */ = {
			isa = PBXGroup;
			children = (
				9EA377C32D028B510000D5DB /* PlayerState.swift */,
				FC070AAE2CCAF9CA00946357 /* ZPGameIdleState.swift */,
			);
			path = States;
			sourceTree = "<group>";
		};
		FC070AA12CCAEB3800946357 /* Nodes */ = {
			isa = PBXGroup;
			children = (
				9EA378702D05704B0000D5DB /* UpgradeShopOverlayNode.swift */,
				9EA3786C2D056D9A0000D5DB /* XPNode.swift */,
				FCC9B9E82CE961B3006077B4 /* ZPWizardNode.swift */,
				FC070AAC2CCAF86200946357 /* ZPBoxNode.swift */,
				FCC9B8D82CD4767C006077B4 /* ZPZombieNode.swift */,
				FCC9B8DA2CE55505006077B4 /* ZPChargerZombieNode.swift */,
				FCC9B8DC2CE5B404006077B4 /* ZPExploderZombieNode.swift */,
			);
			path = Nodes;
			sourceTree = "<group>";
		};
		FC070AA32CCAEB4600946357 /* Helpers */ = {
			isa = PBXGroup;
			children = (
				FC070AA42CCAEB9A00946357 /* ZPLayoutInfo.swift */,
				FC070AA62CCAEBC500946357 /* ZPGameInfo.swift */,
			);
			path = Helpers;
			sourceTree = "<group>";
		};
/* End PBXGroup section */

/* Begin PBXNativeTarget section */
		FC070A542CCAB85600946357 /* Zombocalypse */ = {
			isa = PBXNativeTarget;
			buildConfigurationList = FC070A792CCAB85700946357 /* Build configuration list for PBXNativeTarget "Zombocalypse" */;
			buildPhases = (
				FC070A512CCAB85600946357 /* Sources */,
				FC070A522CCAB85600946357 /* Frameworks */,
				FC070A532CCAB85600946357 /* Resources */,
			);
			buildRules = (
			);
			dependencies = (
			);
			fileSystemSynchronizedGroups = (
				FC070A572CCAB85600946357 /* Zombocalypse */,
			);
			name = Zombocalypse;
			packageProductDependencies = (
			);
			productName = Zombocalypse;
			productReference = FC070A552CCAB85600946357 /* Zombocalypse.app */;
			productType = "com.apple.product-type.application";
		};
		FC070A642CCAB85700946357 /* ZombocalypseTests */ = {
			isa = PBXNativeTarget;
			buildConfigurationList = FC070A7C2CCAB85700946357 /* Build configuration list for PBXNativeTarget "ZombocalypseTests" */;
			buildPhases = (
				FC070A612CCAB85700946357 /* Sources */,
				FC070A622CCAB85700946357 /* Frameworks */,
				FC070A632CCAB85700946357 /* Resources */,
			);
			buildRules = (
			);
			dependencies = (
				FC070A672CCAB85700946357 /* PBXTargetDependency */,
			);
			fileSystemSynchronizedGroups = (
				FC070A682CCAB85700946357 /* ZombocalypseTests */,
			);
			name = ZombocalypseTests;
			packageProductDependencies = (
			);
			productName = ZombocalypseTests;
			productReference = FC070A652CCAB85700946357 /* ZombocalypseTests.xctest */;
			productType = "com.apple.product-type.bundle.unit-test";
		};
		FC070A6E2CCAB85700946357 /* ZombocalypseUITests */ = {
			isa = PBXNativeTarget;
			buildConfigurationList = FC070A7F2CCAB85700946357 /* Build configuration list for PBXNativeTarget "ZombocalypseUITests" */;
			buildPhases = (
				FC070A6B2CCAB85700946357 /* Sources */,
				FC070A6C2CCAB85700946357 /* Frameworks */,
				FC070A6D2CCAB85700946357 /* Resources */,
			);
			buildRules = (
			);
			dependencies = (
				FC070A712CCAB85700946357 /* PBXTargetDependency */,
			);
			fileSystemSynchronizedGroups = (
				FC070A722CCAB85700946357 /* ZombocalypseUITests */,
			);
			name = ZombocalypseUITests;
			packageProductDependencies = (
			);
			productName = ZombocalypseUITests;
			productReference = FC070A6F2CCAB85700946357 /* ZombocalypseUITests.xctest */;
			productType = "com.apple.product-type.bundle.ui-testing";
		};
/* End PBXNativeTarget section */

/* Begin PBXProject section */
		FC070A4D2CCAB85600946357 /* Project object */ = {
			isa = PBXProject;
			attributes = {
				BuildIndependentTargetsInParallel = 1;
				LastSwiftUpdateCheck = 1600;
				LastUpgradeCheck = 1600;
				TargetAttributes = {
					FC070A542CCAB85600946357 = {
						CreatedOnToolsVersion = 16.0;
					};
					FC070A642CCAB85700946357 = {
						CreatedOnToolsVersion = 16.0;
						TestTargetID = FC070A542CCAB85600946357;
					};
					FC070A6E2CCAB85700946357 = {
						CreatedOnToolsVersion = 16.0;
						TestTargetID = FC070A542CCAB85600946357;
					};
				};
			};
			buildConfigurationList = FC070A502CCAB85600946357 /* Build configuration list for PBXProject "Zombocalypse" */;
			developmentRegion = en;
			hasScannedForEncodings = 0;
			knownRegions = (
				en,
				Base,
			);
			mainGroup = FC070A4C2CCAB85600946357;
			minimizedProjectReferenceProxies = 1;
			preferredProjectObjectVersion = 77;
			productRefGroup = FC070A562CCAB85600946357 /* Products */;
			projectDirPath = "";
			projectRoot = "";
			targets = (
				FC070A542CCAB85600946357 /* Zombocalypse */,
				FC070A642CCAB85700946357 /* ZombocalypseTests */,
				FC070A6E2CCAB85700946357 /* ZombocalypseUITests */,
			);
		};
/* End PBXProject section */

/* Begin PBXResourcesBuildPhase section */
		FC070A532CCAB85600946357 /* Resources */ = {
			isa = PBXResourcesBuildPhase;
			buildActionMask = 2147483647;
			files = (
				FC5F2F892CFEBD160000C91A /* infGenTestImgLg.png in Resources */,
				FC070A882CCAB90300946357 /* Assets.xcassets in Resources */,
			);
			runOnlyForDeploymentPostprocessing = 0;
		};
		FC070A632CCAB85700946357 /* Resources */ = {
			isa = PBXResourcesBuildPhase;
			buildActionMask = 2147483647;
			files = (
			);
			runOnlyForDeploymentPostprocessing = 0;
		};
		FC070A6D2CCAB85700946357 /* Resources */ = {
			isa = PBXResourcesBuildPhase;
			buildActionMask = 2147483647;
			files = (
			);
			runOnlyForDeploymentPostprocessing = 0;
		};
/* End PBXResourcesBuildPhase section */

/* Begin PBXSourcesBuildPhase section */
		FC070A512CCAB85600946357 /* Sources */ = {
			isa = PBXSourcesBuildPhase;
			buildActionMask = 2147483647;
			files = (
				9EA377C22D028B460000D5DB /* SpecialSkill.swift in Sources */,
				FCC9B8DB2CE55505006077B4 /* ZPChargerZombieNode.swift in Sources */,
				9EA378752D05781F0000D5DB /* BossSpinnerOverlay.swift in Sources */,
				FC070A972CCAD22700946357 /* GameType.swift in Sources */,
				FC070A982CCAD22700946357 /* GameContext.swift in Sources */,
				FC070AAF2CCAF9CA00946357 /* ZPGameIdleState.swift in Sources */,
				FC070AA72CCAEBC500946357 /* ZPGameInfo.swift in Sources */,
				FC070AAB2CCAF10E00946357 /* ZPGameScene.swift in Sources */,
				9EA378732D0577920000D5DB /* OverlayManager.swift in Sources */,
				9EA378712D05704B0000D5DB /* UpgradeShopOverlayNode.swift in Sources */,
				FC070A992CCAD22700946357 /* Dependencies.swift in Sources */,
				FC070A9A2CCAD22700946357 /* GameModeType.swift in Sources */,
				FC070AA92CCAF0FE00946357 /* ZPGameContext.swift in Sources */,
				9EA377C62D028B730000D5DB /* SkillManager.swift in Sources */,
				9EA377C42D028B510000D5DB /* PlayerState.swift in Sources */,
				FC070AAD2CCAF86200946357 /* ZPBoxNode.swift in Sources */,
				9EA3786D2D056D9A0000D5DB /* XPNode.swift in Sources */,
				FC070AA52CCAEB9A00946357 /* ZPLayoutInfo.swift in Sources */,
				FCC9B8D92CD4767C006077B4 /* ZPZombieNode.swift in Sources */,
				9EA377C02D028B230000D5DB /* RegularSkill.swift in Sources */,
				9EA3786F2D0570400000D5DB /* UpgradeShopManager.swift in Sources */,
				FCC9B9E92CE961B3006077B4 /* ZPWizardNode.swift in Sources */,
				FCC9B8DD2CE5B404006077B4 /* ZPExploderZombieNode.swift in Sources */,
				FCC9B8D72CD4592A006077B4 /* ZPJoystick.swift in Sources */,
			);
			runOnlyForDeploymentPostprocessing = 0;
		};
		FC070A612CCAB85700946357 /* Sources */ = {
			isa = PBXSourcesBuildPhase;
			buildActionMask = 2147483647;
			files = (
			);
			runOnlyForDeploymentPostprocessing = 0;
		};
		FC070A6B2CCAB85700946357 /* Sources */ = {
			isa = PBXSourcesBuildPhase;
			buildActionMask = 2147483647;
			files = (
			);
			runOnlyForDeploymentPostprocessing = 0;
		};
/* End PBXSourcesBuildPhase section */

/* Begin PBXTargetDependency section */
		FC070A672CCAB85700946357 /* PBXTargetDependency */ = {
			isa = PBXTargetDependency;
			target = FC070A542CCAB85600946357 /* Zombocalypse */;
			targetProxy = FC070A662CCAB85700946357 /* PBXContainerItemProxy */;
		};
		FC070A712CCAB85700946357 /* PBXTargetDependency */ = {
			isa = PBXTargetDependency;
			target = FC070A542CCAB85600946357 /* Zombocalypse */;
			targetProxy = FC070A702CCAB85700946357 /* PBXContainerItemProxy */;
		};
/* End PBXTargetDependency section */

/* Begin XCBuildConfiguration section */
		FC070A772CCAB85700946357 /* Debug */ = {
			isa = XCBuildConfiguration;
			buildSettings = {
				ALWAYS_SEARCH_USER_PATHS = NO;
				ASSETCATALOG_COMPILER_GENERATE_SWIFT_ASSET_SYMBOL_EXTENSIONS = YES;
				CLANG_ANALYZER_NONNULL = YES;
				CLANG_ANALYZER_NUMBER_OBJECT_CONVERSION = YES_AGGRESSIVE;
				CLANG_CXX_LANGUAGE_STANDARD = "gnu++20";
				CLANG_ENABLE_MODULES = YES;
				CLANG_ENABLE_OBJC_ARC = YES;
				CLANG_ENABLE_OBJC_WEAK = YES;
				CLANG_WARN_BLOCK_CAPTURE_AUTORELEASING = YES;
				CLANG_WARN_BOOL_CONVERSION = YES;
				CLANG_WARN_COMMA = YES;
				CLANG_WARN_CONSTANT_CONVERSION = YES;
				CLANG_WARN_DEPRECATED_OBJC_IMPLEMENTATIONS = YES;
				CLANG_WARN_DIRECT_OBJC_ISA_USAGE = YES_ERROR;
				CLANG_WARN_DOCUMENTATION_COMMENTS = YES;
				CLANG_WARN_EMPTY_BODY = YES;
				CLANG_WARN_ENUM_CONVERSION = YES;
				CLANG_WARN_INFINITE_RECURSION = YES;
				CLANG_WARN_INT_CONVERSION = YES;
				CLANG_WARN_NON_LITERAL_NULL_CONVERSION = YES;
				CLANG_WARN_OBJC_IMPLICIT_RETAIN_SELF = YES;
				CLANG_WARN_OBJC_LITERAL_CONVERSION = YES;
				CLANG_WARN_OBJC_ROOT_CLASS = YES_ERROR;
				CLANG_WARN_QUOTED_INCLUDE_IN_FRAMEWORK_HEADER = YES;
				CLANG_WARN_RANGE_LOOP_ANALYSIS = YES;
				CLANG_WARN_STRICT_PROTOTYPES = YES;
				CLANG_WARN_SUSPICIOUS_MOVE = YES;
				CLANG_WARN_UNGUARDED_AVAILABILITY = YES_AGGRESSIVE;
				CLANG_WARN_UNREACHABLE_CODE = YES;
				CLANG_WARN__DUPLICATE_METHOD_MATCH = YES;
				COPY_PHASE_STRIP = NO;
				DEBUG_INFORMATION_FORMAT = dwarf;
				ENABLE_STRICT_OBJC_MSGSEND = YES;
				ENABLE_TESTABILITY = YES;
				ENABLE_USER_SCRIPT_SANDBOXING = YES;
				GCC_C_LANGUAGE_STANDARD = gnu17;
				GCC_DYNAMIC_NO_PIC = NO;
				GCC_NO_COMMON_BLOCKS = YES;
				GCC_OPTIMIZATION_LEVEL = 0;
				GCC_PREPROCESSOR_DEFINITIONS = (
					"DEBUG=1",
					"$(inherited)",
				);
				GCC_WARN_64_TO_32_BIT_CONVERSION = YES;
				GCC_WARN_ABOUT_RETURN_TYPE = YES_ERROR;
				GCC_WARN_UNDECLARED_SELECTOR = YES;
				GCC_WARN_UNINITIALIZED_AUTOS = YES_AGGRESSIVE;
				GCC_WARN_UNUSED_FUNCTION = YES;
				GCC_WARN_UNUSED_VARIABLE = YES;
				IPHONEOS_DEPLOYMENT_TARGET = 18.0;
				LOCALIZATION_PREFERS_STRING_CATALOGS = YES;
				MTL_ENABLE_DEBUG_INFO = INCLUDE_SOURCE;
				MTL_FAST_MATH = YES;
				ONLY_ACTIVE_ARCH = YES;
				SDKROOT = iphoneos;
				SWIFT_ACTIVE_COMPILATION_CONDITIONS = "DEBUG $(inherited)";
				SWIFT_OPTIMIZATION_LEVEL = "-Onone";
			};
			name = Debug;
		};
		FC070A782CCAB85700946357 /* Release */ = {
			isa = XCBuildConfiguration;
			buildSettings = {
				ALWAYS_SEARCH_USER_PATHS = NO;
				ASSETCATALOG_COMPILER_GENERATE_SWIFT_ASSET_SYMBOL_EXTENSIONS = YES;
				CLANG_ANALYZER_NONNULL = YES;
				CLANG_ANALYZER_NUMBER_OBJECT_CONVERSION = YES_AGGRESSIVE;
				CLANG_CXX_LANGUAGE_STANDARD = "gnu++20";
				CLANG_ENABLE_MODULES = YES;
				CLANG_ENABLE_OBJC_ARC = YES;
				CLANG_ENABLE_OBJC_WEAK = YES;
				CLANG_WARN_BLOCK_CAPTURE_AUTORELEASING = YES;
				CLANG_WARN_BOOL_CONVERSION = YES;
				CLANG_WARN_COMMA = YES;
				CLANG_WARN_CONSTANT_CONVERSION = YES;
				CLANG_WARN_DEPRECATED_OBJC_IMPLEMENTATIONS = YES;
				CLANG_WARN_DIRECT_OBJC_ISA_USAGE = YES_ERROR;
				CLANG_WARN_DOCUMENTATION_COMMENTS = YES;
				CLANG_WARN_EMPTY_BODY = YES;
				CLANG_WARN_ENUM_CONVERSION = YES;
				CLANG_WARN_INFINITE_RECURSION = YES;
				CLANG_WARN_INT_CONVERSION = YES;
				CLANG_WARN_NON_LITERAL_NULL_CONVERSION = YES;
				CLANG_WARN_OBJC_IMPLICIT_RETAIN_SELF = YES;
				CLANG_WARN_OBJC_LITERAL_CONVERSION = YES;
				CLANG_WARN_OBJC_ROOT_CLASS = YES_ERROR;
				CLANG_WARN_QUOTED_INCLUDE_IN_FRAMEWORK_HEADER = YES;
				CLANG_WARN_RANGE_LOOP_ANALYSIS = YES;
				CLANG_WARN_STRICT_PROTOTYPES = YES;
				CLANG_WARN_SUSPICIOUS_MOVE = YES;
				CLANG_WARN_UNGUARDED_AVAILABILITY = YES_AGGRESSIVE;
				CLANG_WARN_UNREACHABLE_CODE = YES;
				CLANG_WARN__DUPLICATE_METHOD_MATCH = YES;
				COPY_PHASE_STRIP = NO;
				DEBUG_INFORMATION_FORMAT = "dwarf-with-dsym";
				ENABLE_NS_ASSERTIONS = NO;
				ENABLE_STRICT_OBJC_MSGSEND = YES;
				ENABLE_USER_SCRIPT_SANDBOXING = YES;
				GCC_C_LANGUAGE_STANDARD = gnu17;
				GCC_NO_COMMON_BLOCKS = YES;
				GCC_WARN_64_TO_32_BIT_CONVERSION = YES;
				GCC_WARN_ABOUT_RETURN_TYPE = YES_ERROR;
				GCC_WARN_UNDECLARED_SELECTOR = YES;
				GCC_WARN_UNINITIALIZED_AUTOS = YES_AGGRESSIVE;
				GCC_WARN_UNUSED_FUNCTION = YES;
				GCC_WARN_UNUSED_VARIABLE = YES;
				IPHONEOS_DEPLOYMENT_TARGET = 18.0;
				LOCALIZATION_PREFERS_STRING_CATALOGS = YES;
				MTL_ENABLE_DEBUG_INFO = NO;
				MTL_FAST_MATH = YES;
				SDKROOT = iphoneos;
				SWIFT_COMPILATION_MODE = wholemodule;
				VALIDATE_PRODUCT = YES;
			};
			name = Release;
		};
		FC070A7A2CCAB85700946357 /* Debug */ = {
			isa = XCBuildConfiguration;
			buildSettings = {
				ASSETCATALOG_COMPILER_APPICON_NAME = AppIcon;
				ASSETCATALOG_COMPILER_GLOBAL_ACCENT_COLOR_NAME = AccentColor;
				CODE_SIGN_STYLE = Automatic;
				CURRENT_PROJECT_VERSION = 1;
				DEVELOPMENT_ASSET_PATHS = "\"Zombocalypse/Preview Content\"";
				ENABLE_PREVIEWS = YES;
				GENERATE_INFOPLIST_FILE = YES;
				INFOPLIST_KEY_UIApplicationSceneManifest_Generation = YES;
				INFOPLIST_KEY_UIApplicationSupportsIndirectInputEvents = YES;
				INFOPLIST_KEY_UILaunchScreen_Generation = YES;
				INFOPLIST_KEY_UISupportedInterfaceOrientations_iPad = "UIInterfaceOrientationPortrait UIInterfaceOrientationPortraitUpsideDown UIInterfaceOrientationLandscapeLeft UIInterfaceOrientationLandscapeRight";
				INFOPLIST_KEY_UISupportedInterfaceOrientations_iPhone = "UIInterfaceOrientationPortrait UIInterfaceOrientationLandscapeLeft UIInterfaceOrientationLandscapeRight";
				LD_RUNPATH_SEARCH_PATHS = (
					"$(inherited)",
					"@executable_path/Frameworks",
				);
				MARKETING_VERSION = 1.0;
				PRODUCT_BUNDLE_IDENTIFIER = com.hyel.Zombocalypse;
				PRODUCT_NAME = "$(TARGET_NAME)";
				SWIFT_EMIT_LOC_STRINGS = YES;
				SWIFT_VERSION = 5.0;
				TARGETED_DEVICE_FAMILY = "1,2";
			};
			name = Debug;
		};
		FC070A7B2CCAB85700946357 /* Release */ = {
			isa = XCBuildConfiguration;
			buildSettings = {
				ASSETCATALOG_COMPILER_APPICON_NAME = AppIcon;
				ASSETCATALOG_COMPILER_GLOBAL_ACCENT_COLOR_NAME = AccentColor;
				CODE_SIGN_STYLE = Automatic;
				CURRENT_PROJECT_VERSION = 1;
				DEVELOPMENT_ASSET_PATHS = "\"Zombocalypse/Preview Content\"";
				ENABLE_PREVIEWS = YES;
				GENERATE_INFOPLIST_FILE = YES;
				INFOPLIST_KEY_UIApplicationSceneManifest_Generation = YES;
				INFOPLIST_KEY_UIApplicationSupportsIndirectInputEvents = YES;
				INFOPLIST_KEY_UILaunchScreen_Generation = YES;
				INFOPLIST_KEY_UISupportedInterfaceOrientations_iPad = "UIInterfaceOrientationPortrait UIInterfaceOrientationPortraitUpsideDown UIInterfaceOrientationLandscapeLeft UIInterfaceOrientationLandscapeRight";
				INFOPLIST_KEY_UISupportedInterfaceOrientations_iPhone = "UIInterfaceOrientationPortrait UIInterfaceOrientationLandscapeLeft UIInterfaceOrientationLandscapeRight";
				LD_RUNPATH_SEARCH_PATHS = (
					"$(inherited)",
					"@executable_path/Frameworks",
				);
				MARKETING_VERSION = 1.0;
				PRODUCT_BUNDLE_IDENTIFIER = com.hyel.Zombocalypse;
				PRODUCT_NAME = "$(TARGET_NAME)";
				SWIFT_EMIT_LOC_STRINGS = YES;
				SWIFT_VERSION = 5.0;
				TARGETED_DEVICE_FAMILY = "1,2";
			};
			name = Release;
		};
		FC070A7D2CCAB85700946357 /* Debug */ = {
			isa = XCBuildConfiguration;
			buildSettings = {
				BUNDLE_LOADER = "$(TEST_HOST)";
				CODE_SIGN_STYLE = Automatic;
				CURRENT_PROJECT_VERSION = 1;
				GENERATE_INFOPLIST_FILE = YES;
				IPHONEOS_DEPLOYMENT_TARGET = 18.0;
				MARKETING_VERSION = 1.0;
				PRODUCT_BUNDLE_IDENTIFIER = com.hyel.ZombocalypseTests;
				PRODUCT_NAME = "$(TARGET_NAME)";
				SWIFT_EMIT_LOC_STRINGS = NO;
				SWIFT_VERSION = 5.0;
				TARGETED_DEVICE_FAMILY = "1,2";
				TEST_HOST = "$(BUILT_PRODUCTS_DIR)/Zombocalypse.app/$(BUNDLE_EXECUTABLE_FOLDER_PATH)/Zombocalypse";
			};
			name = Debug;
		};
		FC070A7E2CCAB85700946357 /* Release */ = {
			isa = XCBuildConfiguration;
			buildSettings = {
				BUNDLE_LOADER = "$(TEST_HOST)";
				CODE_SIGN_STYLE = Automatic;
				CURRENT_PROJECT_VERSION = 1;
				GENERATE_INFOPLIST_FILE = YES;
				IPHONEOS_DEPLOYMENT_TARGET = 18.0;
				MARKETING_VERSION = 1.0;
				PRODUCT_BUNDLE_IDENTIFIER = com.hyel.ZombocalypseTests;
				PRODUCT_NAME = "$(TARGET_NAME)";
				SWIFT_EMIT_LOC_STRINGS = NO;
				SWIFT_VERSION = 5.0;
				TARGETED_DEVICE_FAMILY = "1,2";
				TEST_HOST = "$(BUILT_PRODUCTS_DIR)/Zombocalypse.app/$(BUNDLE_EXECUTABLE_FOLDER_PATH)/Zombocalypse";
			};
			name = Release;
		};
		FC070A802CCAB85700946357 /* Debug */ = {
			isa = XCBuildConfiguration;
			buildSettings = {
				CODE_SIGN_STYLE = Automatic;
				CURRENT_PROJECT_VERSION = 1;
				GENERATE_INFOPLIST_FILE = YES;
				MARKETING_VERSION = 1.0;
				PRODUCT_BUNDLE_IDENTIFIER = com.hyel.ZombocalypseUITests;
				PRODUCT_NAME = "$(TARGET_NAME)";
				SWIFT_EMIT_LOC_STRINGS = NO;
				SWIFT_VERSION = 5.0;
				TARGETED_DEVICE_FAMILY = "1,2";
				TEST_TARGET_NAME = Zombocalypse;
			};
			name = Debug;
		};
		FC070A812CCAB85700946357 /* Release */ = {
			isa = XCBuildConfiguration;
			buildSettings = {
				CODE_SIGN_STYLE = Automatic;
				CURRENT_PROJECT_VERSION = 1;
				GENERATE_INFOPLIST_FILE = YES;
				MARKETING_VERSION = 1.0;
				PRODUCT_BUNDLE_IDENTIFIER = com.hyel.ZombocalypseUITests;
				PRODUCT_NAME = "$(TARGET_NAME)";
				SWIFT_EMIT_LOC_STRINGS = NO;
				SWIFT_VERSION = 5.0;
				TARGETED_DEVICE_FAMILY = "1,2";
				TEST_TARGET_NAME = Zombocalypse;
			};
			name = Release;
		};
/* End XCBuildConfiguration section */

/* Begin XCConfigurationList section */
		FC070A502CCAB85600946357 /* Build configuration list for PBXProject "Zombocalypse" */ = {
			isa = XCConfigurationList;
			buildConfigurations = (
				FC070A772CCAB85700946357 /* Debug */,
				FC070A782CCAB85700946357 /* Release */,
			);
			defaultConfigurationIsVisible = 0;
			defaultConfigurationName = Release;
		};
		FC070A792CCAB85700946357 /* Build configuration list for PBXNativeTarget "Zombocalypse" */ = {
			isa = XCConfigurationList;
			buildConfigurations = (
				FC070A7A2CCAB85700946357 /* Debug */,
				FC070A7B2CCAB85700946357 /* Release */,
			);
			defaultConfigurationIsVisible = 0;
			defaultConfigurationName = Release;
		};
		FC070A7C2CCAB85700946357 /* Build configuration list for PBXNativeTarget "ZombocalypseTests" */ = {
			isa = XCConfigurationList;
			buildConfigurations = (
				FC070A7D2CCAB85700946357 /* Debug */,
				FC070A7E2CCAB85700946357 /* Release */,
			);
			defaultConfigurationIsVisible = 0;
			defaultConfigurationName = Release;
		};
		FC070A7F2CCAB85700946357 /* Build configuration list for PBXNativeTarget "ZombocalypseUITests" */ = {
			isa = XCConfigurationList;
			buildConfigurations = (
				FC070A802CCAB85700946357 /* Debug */,
				FC070A812CCAB85700946357 /* Release */,
			);
			defaultConfigurationIsVisible = 0;
			defaultConfigurationName = Release;
		};
/* End XCConfigurationList section */
	};
	rootObject = FC070A4D2CCAB85600946357 /* Project object */;
}
